
Microsoft Visual Studio Solution File, Format Version 12.00
# Visual Studio Version 17
VisualStudioVersion = 17.4.33122.133
MinimumVisualStudioVersion = 10.0.40219.1
Project("{FAE04EC0-301F-11D3-BF4B-00C04F79EFBC}") = "BE.U1-W3-D2.ASP-NET_Menu-Pizzeria", "BE.U1-W3-D2.ASP-NET_Menu-Pizzeria\BE.U1-W3-D2.ASP-NET_Menu-Pizzeria.csproj", "{8EF0F4F3-8D57-4BBD-8287-9EC558D6D5FF}"
EndProject
Global
	GlobalSection(SolutionConfigurationPlatforms) = preSolution
		Debug|Any CPU = Debug|Any CPU
		Release|Any CPU = Release|Any CPU
	EndGlobalSection
	GlobalSection(ProjectConfigurationPlatforms) = postSolution
		{8EF0F4F3-8D57-4BBD-8287-9EC558D6D5FF}.Debug|Any CPU.ActiveCfg = Debug|Any CPU
		{8EF0F4F3-8D57-4BBD-8287-9EC558D6D5FF}.Debug|Any CPU.Build.0 = Debug|Any CPU
		{8EF0F4F3-8D57-4BBD-8287-9EC558D6D5FF}.Release|Any CPU.ActiveCfg = Release|Any CPU
		{8EF0F4F3-8D57-4BBD-8287-9EC558D6D5FF}.Release|Any CPU.Build.0 = Release|Any CPU
	EndGlobalSection
	GlobalSection(SolutionProperties) = preSolution
		HideSolutionNode = FALSE
	EndGlobalSection
	GlobalSection(ExtensibilityGlobals) = postSolution
		SolutionGuid = {13D64FB7-D818-47C3-8DE5-8B28C8CE1B63}
	EndGlobalSection
EndGlobal
